// !$*UTF8*$!
{
	archiveVersion = 1;
	classes = {
	};
	objectVersion = 56;
	objects = {

/* Begin PBXBuildFile section */
		AD8AE3B72B18EB1000D9F14B /* CellView.swift in Sources */ = {isa = PBXBuildFile; fileRef = AD8AE3B62B18EB1000D9F14B /* CellView.swift */; };
		BB8862A22B18D0CC00EE56B1 /* AmericanAirlineViewModel.swift in Sources */ = {isa = PBXBuildFile; fileRef = BB8862A12B18D0CC00EE56B1 /* AmericanAirlineViewModel.swift */; };
		BB8862A52B18D1A900EE56B1 /* Constants.swift in Sources */ = {isa = PBXBuildFile; fileRef = BB8862A42B18D1A900EE56B1 /* Constants.swift */; };
		EB38D1C32B18CDDD0090F68B /* AmericaAirlinesApp.swift in Sources */ = {isa = PBXBuildFile; fileRef = EB38D1C22B18CDDD0090F68B /* AmericaAirlinesApp.swift */; };
		EB38D1C52B18CDDD0090F68B /* ContentView.swift in Sources */ = {isa = PBXBuildFile; fileRef = EB38D1C42B18CDDD0090F68B /* ContentView.swift */; };
		EB38D1C72B18CDDF0090F68B /* Assets.xcassets in Resources */ = {isa = PBXBuildFile; fileRef = EB38D1C62B18CDDF0090F68B /* Assets.xcassets */; };
		EB38D1CA2B18CDDF0090F68B /* Preview Assets.xcassets in Resources */ = {isa = PBXBuildFile; fileRef = EB38D1C92B18CDDF0090F68B /* Preview Assets.xcassets */; };
		EB38D1D42B18CDDF0090F68B /* AmericaAirlinesTests.swift in Sources */ = {isa = PBXBuildFile; fileRef = EB38D1D32B18CDDF0090F68B /* AmericaAirlinesTests.swift */; };
		EB38D1DE2B18CDDF0090F68B /* AmericaAirlinesUITests.swift in Sources */ = {isa = PBXBuildFile; fileRef = EB38D1DD2B18CDDF0090F68B /* AmericaAirlinesUITests.swift */; };
		EB38D1E02B18CDDF0090F68B /* AmericaAirlinesUITestsLaunchTests.swift in Sources */ = {isa = PBXBuildFile; fileRef = EB38D1DF2B18CDDF0090F68B /* AmericaAirlinesUITestsLaunchTests.swift */; };
		EB38D1F82B18E6A80090F68B /* Networking.swift in Sources */ = {isa = PBXBuildFile; fileRef = EB38D1F72B18E6A80090F68B /* Networking.swift */; };
		EB38D1FA2B18E6B30090F68B /* NetworkError.swift in Sources */ = {isa = PBXBuildFile; fileRef = EB38D1F92B18E6B30090F68B /* NetworkError.swift */; };
/* End PBXBuildFile section */

/* Begin PBXContainerItemProxy section */
		EB38D1D02B18CDDF0090F68B /* PBXContainerItemProxy */ = {
			isa = PBXContainerItemProxy;
			containerPortal = EB38D1B72B18CDDD0090F68B /* Project object */;
			proxyType = 1;
			remoteGlobalIDString = EB38D1BE2B18CDDD0090F68B;
			remoteInfo = AmericaAirlines;
		};
		EB38D1DA2B18CDDF0090F68B /* PBXContainerItemProxy */ = {
			isa = PBXContainerItemProxy;
			containerPortal = EB38D1B72B18CDDD0090F68B /* Project object */;
			proxyType = 1;
			remoteGlobalIDString = EB38D1BE2B18CDDD0090F68B;
			remoteInfo = AmericaAirlines;
		};
/* End PBXContainerItemProxy section */

/* Begin PBXFileReference section */
		AD8AE3B62B18EB1000D9F14B /* CellView.swift */ = {isa = PBXFileReference; lastKnownFileType = sourcecode.swift; path = CellView.swift; sourceTree = "<group>"; };
		BB8862A12B18D0CC00EE56B1 /* AmericanAirlineViewModel.swift */ = {isa = PBXFileReference; lastKnownFileType = sourcecode.swift; path = AmericanAirlineViewModel.swift; sourceTree = "<group>"; };
		BB8862A42B18D1A900EE56B1 /* Constants.swift */ = {isa = PBXFileReference; lastKnownFileType = sourcecode.swift; path = Constants.swift; sourceTree = "<group>"; };
		EB38D1BF2B18CDDD0090F68B /* AmericaAirlines.app */ = {isa = PBXFileReference; explicitFileType = wrapper.application; includeInIndex = 0; path = AmericaAirlines.app; sourceTree = BUILT_PRODUCTS_DIR; };
		EB38D1C22B18CDDD0090F68B /* AmericaAirlinesApp.swift */ = {isa = PBXFileReference; lastKnownFileType = sourcecode.swift; path = AmericaAirlinesApp.swift; sourceTree = "<group>"; };
		EB38D1C42B18CDDD0090F68B /* ContentView.swift */ = {isa = PBXFileReference; lastKnownFileType = sourcecode.swift; path = ContentView.swift; sourceTree = "<group>"; };
		EB38D1C62B18CDDF0090F68B /* Assets.xcassets */ = {isa = PBXFileReference; lastKnownFileType = folder.assetcatalog; path = Assets.xcassets; sourceTree = "<group>"; };
		EB38D1C92B18CDDF0090F68B /* Preview Assets.xcassets */ = {isa = PBXFileReference; lastKnownFileType = folder.assetcatalog; path = "Preview Assets.xcassets"; sourceTree = "<group>"; };
		EB38D1CF2B18CDDF0090F68B /* AmericaAirlinesTests.xctest */ = {isa = PBXFileReference; explicitFileType = wrapper.cfbundle; includeInIndex = 0; path = AmericaAirlinesTests.xctest; sourceTree = BUILT_PRODUCTS_DIR; };
		EB38D1D32B18CDDF0090F68B /* AmericaAirlinesTests.swift */ = {isa = PBXFileReference; lastKnownFileType = sourcecode.swift; path = AmericaAirlinesTests.swift; sourceTree = "<group>"; };
		EB38D1D92B18CDDF0090F68B /* AmericaAirlinesUITests.xctest */ = {isa = PBXFileReference; explicitFileType = wrapper.cfbundle; includeInIndex = 0; path = AmericaAirlinesUITests.xctest; sourceTree = BUILT_PRODUCTS_DIR; };
		EB38D1DD2B18CDDF0090F68B /* AmericaAirlinesUITests.swift */ = {isa = PBXFileReference; lastKnownFileType = sourcecode.swift; path = AmericaAirlinesUITests.swift; sourceTree = "<group>"; };
		EB38D1DF2B18CDDF0090F68B /* AmericaAirlinesUITestsLaunchTests.swift */ = {isa = PBXFileReference; lastKnownFileType = sourcecode.swift; path = AmericaAirlinesUITestsLaunchTests.swift; sourceTree = "<group>"; };
		EB38D1F72B18E6A80090F68B /* Networking.swift */ = {isa = PBXFileReference; lastKnownFileType = sourcecode.swift; path = Networking.swift; sourceTree = "<group>"; };
		EB38D1F92B18E6B30090F68B /* NetworkError.swift */ = {isa = PBXFileReference; lastKnownFileType = sourcecode.swift; path = NetworkError.swift; sourceTree = "<group>"; };
/* End PBXFileReference section */

/* Begin PBXFrameworksBuildPhase section */
		EB38D1BC2B18CDDD0090F68B /* Frameworks */ = {
			isa = PBXFrameworksBuildPhase;
			buildActionMask = 2147483647;
			files = (
			);
			runOnlyForDeploymentPostprocessing = 0;
		};
		EB38D1CC2B18CDDF0090F68B /* Frameworks */ = {
			isa = PBXFrameworksBuildPhase;
			buildActionMask = 2147483647;
			files = (
			);
			runOnlyForDeploymentPostprocessing = 0;
		};
		EB38D1D62B18CDDF0090F68B /* Frameworks */ = {
			isa = PBXFrameworksBuildPhase;
			buildActionMask = 2147483647;
			files = (
			);
			runOnlyForDeploymentPostprocessing = 0;
		};
/* End PBXFrameworksBuildPhase section */

/* Begin PBXGroup section */
		BB8862A02B18D0BC00EE56B1 /* ViewModel */ = {
			isa = PBXGroup;
			children = (
				BB8862A12B18D0CC00EE56B1 /* AmericanAirlineViewModel.swift */,
			);
			path = ViewModel;
			sourceTree = "<group>";
		};
		BB8862A32B18D19700EE56B1 /* Constants */ = {
			isa = PBXGroup;
			children = (
				BB8862A42B18D1A900EE56B1 /* Constants.swift */,
			);
			path = Constants;
			sourceTree = "<group>";
		};
		EB38D1B62B18CDDD0090F68B = {
			isa = PBXGroup;
			children = (
				EB38D1C12B18CDDD0090F68B /* AmericaAirlines */,
				EB38D1D22B18CDDF0090F68B /* AmericaAirlinesTests */,
				EB38D1DC2B18CDDF0090F68B /* AmericaAirlinesUITests */,
				EB38D1C02B18CDDD0090F68B /* Products */,
			);
			sourceTree = "<group>";
		};
		EB38D1C02B18CDDD0090F68B /* Products */ = {
			isa = PBXGroup;
			children = (
				EB38D1BF2B18CDDD0090F68B /* AmericaAirlines.app */,
				EB38D1CF2B18CDDF0090F68B /* AmericaAirlinesTests.xctest */,
				EB38D1D92B18CDDF0090F68B /* AmericaAirlinesUITests.xctest */,
			);
			name = Products;
			sourceTree = "<group>";
		};
		EB38D1C12B18CDDD0090F68B /* AmericaAirlines */ = {
			isa = PBXGroup;
			children = (
				EB38D1F62B18E5FF0090F68B /* NetworkManager */,
				BB8862A32B18D19700EE56B1 /* Constants */,
				BB8862A02B18D0BC00EE56B1 /* ViewModel */,
				EB38D1C22B18CDDD0090F68B /* AmericaAirlinesApp.swift */,
				AD8AE3B62B18EB1000D9F14B /* CellView.swift */,
				EB38D1C42B18CDDD0090F68B /* ContentView.swift */,
				EB38D1C62B18CDDF0090F68B /* Assets.xcassets */,
				EB38D1C82B18CDDF0090F68B /* Preview Content */,
			);
			path = AmericaAirlines;
			sourceTree = "<group>";
		};
		EB38D1C82B18CDDF0090F68B /* Preview Content */ = {
			isa = PBXGroup;
			children = (
				EB38D1C92B18CDDF0090F68B /* Preview Assets.xcassets */,
			);
			path = "Preview Content";
			sourceTree = "<group>";
		};
		EB38D1D22B18CDDF0090F68B /* AmericaAirlinesTests */ = {
			isa = PBXGroup;
			children = (
				EB38D1D32B18CDDF0090F68B /* AmericaAirlinesTests.swift */,
			);
			path = AmericaAirlinesTests;
			sourceTree = "<group>";
		};
		EB38D1DC2B18CDDF0090F68B /* AmericaAirlinesUITests */ = {
			isa = PBXGroup;
			children = (
				EB38D1DD2B18CDDF0090F68B /* AmericaAirlinesUITests.swift */,
				EB38D1DF2B18CDDF0090F68B /* AmericaAirlinesUITestsLaunchTests.swift */,
			);
			path = AmericaAirlinesUITests;
			sourceTree = "<group>";
		};
		EB38D1F62B18E5FF0090F68B /* NetworkManager */ = {
			isa = PBXGroup;
			children = (
				EB38D1F72B18E6A80090F68B /* Networking.swift */,
				EB38D1F92B18E6B30090F68B /* NetworkError.swift */,
			);
			path = NetworkManager;
			sourceTree = "<group>";
		};
/* End PBXGroup section */

/* Begin PBXNativeTarget section */
		EB38D1BE2B18CDDD0090F68B /* AmericaAirlines */ = {
			isa = PBXNativeTarget;
			buildConfigurationList = EB38D1E32B18CDDF0090F68B /* Build configuration list for PBXNativeTarget "AmericaAirlines" */;
			buildPhases = (
				EB38D1BB2B18CDDD0090F68B /* Sources */,
				EB38D1BC2B18CDDD0090F68B /* Frameworks */,
				EB38D1BD2B18CDDD0090F68B /* Resources */,
			);
			buildRules = (
			);
			dependencies = (
			);
			name = AmericaAirlines;
			productName = AmericaAirlines;
			productReference = EB38D1BF2B18CDDD0090F68B /* AmericaAirlines.app */;
			productType = "com.apple.product-type.application";
		};
		EB38D1CE2B18CDDF0090F68B /* AmericaAirlinesTests */ = {
			isa = PBXNativeTarget;
			buildConfigurationList = EB38D1E62B18CDDF0090F68B /* Build configuration list for PBXNativeTarget "AmericaAirlinesTests" */;
			buildPhases = (
				EB38D1CB2B18CDDF0090F68B /* Sources */,
				EB38D1CC2B18CDDF0090F68B /* Frameworks */,
				EB38D1CD2B18CDDF0090F68B /* Resources */,
			);
			buildRules = (
			);
			dependencies = (
				EB38D1D12B18CDDF0090F68B /* PBXTargetDependency */,
			);
			name = AmericaAirlinesTests;
			productName = AmericaAirlinesTests;
			productReference = EB38D1CF2B18CDDF0090F68B /* AmericaAirlinesTests.xctest */;
			productType = "com.apple.product-type.bundle.unit-test";
		};
		EB38D1D82B18CDDF0090F68B /* AmericaAirlinesUITests */ = {
			isa = PBXNativeTarget;
			buildConfigurationList = EB38D1E92B18CDDF0090F68B /* Build configuration list for PBXNativeTarget "AmericaAirlinesUITests" */;
			buildPhases = (
				EB38D1D52B18CDDF0090F68B /* Sources */,
				EB38D1D62B18CDDF0090F68B /* Frameworks */,
				EB38D1D72B18CDDF0090F68B /* Resources */,
			);
			buildRules = (
			);
			dependencies = (
				EB38D1DB2B18CDDF0090F68B /* PBXTargetDependency */,
			);
			name = AmericaAirlinesUITests;
			productName = AmericaAirlinesUITests;
			productReference = EB38D1D92B18CDDF0090F68B /* AmericaAirlinesUITests.xctest */;
			productType = "com.apple.product-type.bundle.ui-testing";
		};
/* End PBXNativeTarget section */

/* Begin PBXProject section */
		EB38D1B72B18CDDD0090F68B /* Project object */ = {
			isa = PBXProject;
			attributes = {
				BuildIndependentTargetsInParallel = 1;
				LastSwiftUpdateCheck = 1500;
				LastUpgradeCheck = 1500;
				TargetAttributes = {
					EB38D1BE2B18CDDD0090F68B = {
						CreatedOnToolsVersion = 15.0;
					};
					EB38D1CE2B18CDDF0090F68B = {
						CreatedOnToolsVersion = 15.0;
						TestTargetID = EB38D1BE2B18CDDD0090F68B;
					};
					EB38D1D82B18CDDF0090F68B = {
						CreatedOnToolsVersion = 15.0;
						TestTargetID = EB38D1BE2B18CDDD0090F68B;
					};
				};
			};
			buildConfigurationList = EB38D1BA2B18CDDD0090F68B /* Build configuration list for PBXProject "AmericaAirlines" */;
			compatibilityVersion = "Xcode 14.0";
			developmentRegion = en;
			hasScannedForEncodings = 0;
			knownRegions = (
				en,
				Base,
			);
			mainGroup = EB38D1B62B18CDDD0090F68B;
			productRefGroup = EB38D1C02B18CDDD0090F68B /* Products */;
			projectDirPath = "";
			projectRoot = "";
			targets = (
				EB38D1BE2B18CDDD0090F68B /* AmericaAirlines */,
				EB38D1CE2B18CDDF0090F68B /* AmericaAirlinesTests */,
				EB38D1D82B18CDDF0090F68B /* AmericaAirlinesUITests */,
			);
		};
/* End PBXProject section */

/* Begin PBXResourcesBuildPhase section */
		EB38D1BD2B18CDDD0090F68B /* Resources */ = {
			isa = PBXResourcesBuildPhase;
			buildActionMask = 2147483647;
			files = (
				EB38D1CA2B18CDDF0090F68B /* Preview Assets.xcassets in Resources */,
				EB38D1C72B18CDDF0090F68B /* Assets.xcassets in Resources */,
			);
			runOnlyForDeploymentPostprocessing = 0;
		};
		EB38D1CD2B18CDDF0090F68B /* Resources */ = {
			isa = PBXResourcesBuildPhase;
			buildActionMask = 2147483647;
			files = (
			);
			runOnlyForDeploymentPostprocessing = 0;
		};
		EB38D1D72B18CDDF0090F68B /* Resources */ = {
			isa = PBXResourcesBuildPhase;
			buildActionMask = 2147483647;
			files = (
			);
			runOnlyForDeploymentPostprocessing = 0;
		};
/* End PBXResourcesBuildPhase section */

/* Begin PBXSourcesBuildPhase section */
		EB38D1BB2B18CDDD0090F68B /* Sources */ = {
			isa = PBXSourcesBuildPhase;
			buildActionMask = 2147483647;
			files = (
				EB38D1C52B18CDDD0090F68B /* ContentView.swift in Sources */,
				EB38D1F82B18E6A80090F68B /* Networking.swift in Sources */,
				BB8862A22B18D0CC00EE56B1 /* AmericanAirlineViewModel.swift in Sources */,
				EB38D1FA2B18E6B30090F68B /* NetworkError.swift in Sources */,
				EB38D1C32B18CDDD0090F68B /* AmericaAirlinesApp.swift in Sources */,
				BB8862A52B18D1A900EE56B1 /* Constants.swift in Sources */,
				AD8AE3B72B18EB1000D9F14B /* CellView.swift in Sources */,
			);
			runOnlyForDeploymentPostprocessing = 0;
		};
		EB38D1CB2B18CDDF0090F68B /* Sources */ = {
			isa = PBXSourcesBuildPhase;
			buildActionMask = 2147483647;
			files = (
				EB38D1D42B18CDDF0090F68B /* AmericaAirlinesTests.swift in Sources */,
			);
			runOnlyForDeploymentPostprocessing = 0;
		};
		EB38D1D52B18CDDF0090F68B /* Sources */ = {
			isa = PBXSourcesBuildPhase;
			buildActionMask = 2147483647;
			files = (
				EB38D1E02B18CDDF0090F68B /* AmericaAirlinesUITestsLaunchTests.swift in Sources */,
				EB38D1DE2B18CDDF0090F68B /* AmericaAirlinesUITests.swift in Sources */,
			);
			runOnlyForDeploymentPostprocessing = 0;
		};
/* End PBXSourcesBuildPhase section */

/* Begin PBXTargetDependency section */
		EB38D1D12B18CDDF0090F68B /* PBXTargetDependency */ = {
			isa = PBXTargetDependency;
			target = EB38D1BE2B18CDDD0090F68B /* AmericaAirlines */;
			targetProxy = EB38D1D02B18CDDF0090F68B /* PBXContainerItemProxy */;
		};
		EB38D1DB2B18CDDF0090F68B /* PBXTargetDependency */ = {
			isa = PBXTargetDependency;
			target = EB38D1BE2B18CDDD0090F68B /* AmericaAirlines */;
			targetProxy = EB38D1DA2B18CDDF0090F68B /* PBXContainerItemProxy */;
		};
/* End PBXTargetDependency section */

/* Begin XCBuildConfiguration section */
		EB38D1E12B18CDDF0090F68B /* Debug */ = {
			isa = XCBuildConfiguration;
			buildSettings = {
				ALWAYS_SEARCH_USER_PATHS = NO;
				ASSETCATALOG_COMPILER_GENERATE_SWIFT_ASSET_SYMBOL_EXTENSIONS = YES;
				CLANG_ANALYZER_NONNULL = YES;
				CLANG_ANALYZER_NUMBER_OBJECT_CONVERSION = YES_AGGRESSIVE;
				CLANG_CXX_LANGUAGE_STANDARD = "gnu++20";
				CLANG_ENABLE_MODULES = YES;
				CLANG_ENABLE_OBJC_ARC = YES;
				CLANG_ENABLE_OBJC_WEAK = YES;
				CLANG_WARN_BLOCK_CAPTURE_AUTORELEASING = YES;
				CLANG_WARN_BOOL_CONVERSION = YES;
				CLANG_WARN_COMMA = YES;
				CLANG_WARN_CONSTANT_CONVERSION = YES;
				CLANG_WARN_DEPRECATED_OBJC_IMPLEMENTATIONS = YES;
				CLANG_WARN_DIRECT_OBJC_ISA_USAGE = YES_ERROR;
				CLANG_WARN_DOCUMENTATION_COMMENTS = YES;
				CLANG_WARN_EMPTY_BODY = YES;
				CLANG_WARN_ENUM_CONVERSION = YES;
				CLANG_WARN_INFINITE_RECURSION = YES;
				CLANG_WARN_INT_CONVERSION = YES;
				CLANG_WARN_NON_LITERAL_NULL_CONVERSION = YES;
				CLANG_WARN_OBJC_IMPLICIT_RETAIN_SELF = YES;
				CLANG_WARN_OBJC_LITERAL_CONVERSION = YES;
				CLANG_WARN_OBJC_ROOT_CLASS = YES_ERROR;
				CLANG_WARN_QUOTED_INCLUDE_IN_FRAMEWORK_HEADER = YES;
				CLANG_WARN_RANGE_LOOP_ANALYSIS = YES;
				CLANG_WARN_STRICT_PROTOTYPES = YES;
				CLANG_WARN_SUSPICIOUS_MOVE = YES;
				CLANG_WARN_UNGUARDED_AVAILABILITY = YES_AGGRESSIVE;
				CLANG_WARN_UNREACHABLE_CODE = YES;
				CLANG_WARN__DUPLICATE_METHOD_MATCH = YES;
				COPY_PHASE_STRIP = NO;
				DEBUG_INFORMATION_FORMAT = dwarf;
				ENABLE_STRICT_OBJC_MSGSEND = YES;
				ENABLE_TESTABILITY = YES;
				ENABLE_USER_SCRIPT_SANDBOXING = YES;
				GCC_C_LANGUAGE_STANDARD = gnu17;
				GCC_DYNAMIC_NO_PIC = NO;
				GCC_NO_COMMON_BLOCKS = YES;
				GCC_OPTIMIZATION_LEVEL = 0;
				GCC_PREPROCESSOR_DEFINITIONS = (
					"DEBUG=1",
					"$(inherited)",
				);
				GCC_WARN_64_TO_32_BIT_CONVERSION = YES;
				GCC_WARN_ABOUT_RETURN_TYPE = YES_ERROR;
				GCC_WARN_UNDECLARED_SELECTOR = YES;
				GCC_WARN_UNINITIALIZED_AUTOS = YES_AGGRESSIVE;
				GCC_WARN_UNUSED_FUNCTION = YES;
				GCC_WARN_UNUSED_VARIABLE = YES;
				IPHONEOS_DEPLOYMENT_TARGET = 17.0;
				LOCALIZATION_PREFERS_STRING_CATALOGS = YES;
				MTL_ENABLE_DEBUG_INFO = INCLUDE_SOURCE;
				MTL_FAST_MATH = YES;
				ONLY_ACTIVE_ARCH = YES;
				SDKROOT = iphoneos;
				SWIFT_ACTIVE_COMPILATION_CONDITIONS = "DEBUG $(inherited)";
				SWIFT_OPTIMIZATION_LEVEL = "-Onone";
			};
			name = Debug;
		};
		EB38D1E22B18CDDF0090F68B /* Release */ = {
			isa = XCBuildConfiguration;
			buildSettings = {
				ALWAYS_SEARCH_USER_PATHS = NO;
				ASSETCATALOG_COMPILER_GENERATE_SWIFT_ASSET_SYMBOL_EXTENSIONS = YES;
				CLANG_ANALYZER_NONNULL = YES;
				CLANG_ANALYZER_NUMBER_OBJECT_CONVERSION = YES_AGGRESSIVE;
				CLANG_CXX_LANGUAGE_STANDARD = "gnu++20";
				CLANG_ENABLE_MODULES = YES;
				CLANG_ENABLE_OBJC_ARC = YES;
				CLANG_ENABLE_OBJC_WEAK = YES;
				CLANG_WARN_BLOCK_CAPTURE_AUTORELEASING = YES;
				CLANG_WARN_BOOL_CONVERSION = YES;
				CLANG_WARN_COMMA = YES;
				CLANG_WARN_CONSTANT_CONVERSION = YES;
				CLANG_WARN_DEPRECATED_OBJC_IMPLEMENTATIONS = YES;
				CLANG_WARN_DIRECT_OBJC_ISA_USAGE = YES_ERROR;
				CLANG_WARN_DOCUMENTATION_COMMENTS = YES;
				CLANG_WARN_EMPTY_BODY = YES;
				CLANG_WARN_ENUM_CONVERSION = YES;
				CLANG_WARN_INFINITE_RECURSION = YES;
				CLANG_WARN_INT_CONVERSION = YES;
				CLANG_WARN_NON_LITERAL_NULL_CONVERSION = YES;
				CLANG_WARN_OBJC_IMPLICIT_RETAIN_SELF = YES;
				CLANG_WARN_OBJC_LITERAL_CONVERSION = YES;
				CLANG_WARN_OBJC_ROOT_CLASS = YES_ERROR;
				CLANG_WARN_QUOTED_INCLUDE_IN_FRAMEWORK_HEADER = YES;
				CLANG_WARN_RANGE_LOOP_ANALYSIS = YES;
				CLANG_WARN_STRICT_PROTOTYPES = YES;
				CLANG_WARN_SUSPICIOUS_MOVE = YES;
				CLANG_WARN_UNGUARDED_AVAILABILITY = YES_AGGRESSIVE;
				CLANG_WARN_UNREACHABLE_CODE = YES;
				CLANG_WARN__DUPLICATE_METHOD_MATCH = YES;
				COPY_PHASE_STRIP = NO;
				DEBUG_INFORMATION_FORMAT = "dwarf-with-dsym";
				ENABLE_NS_ASSERTIONS = NO;
				ENABLE_STRICT_OBJC_MSGSEND = YES;
				ENABLE_USER_SCRIPT_SANDBOXING = YES;
				GCC_C_LANGUAGE_STANDARD = gnu17;
				GCC_NO_COMMON_BLOCKS = YES;
				GCC_WARN_64_TO_32_BIT_CONVERSION = YES;
				GCC_WARN_ABOUT_RETURN_TYPE = YES_ERROR;
				GCC_WARN_UNDECLARED_SELECTOR = YES;
				GCC_WARN_UNINITIALIZED_AUTOS = YES_AGGRESSIVE;
				GCC_WARN_UNUSED_FUNCTION = YES;
				GCC_WARN_UNUSED_VARIABLE = YES;
				IPHONEOS_DEPLOYMENT_TARGET = 17.0;
				LOCALIZATION_PREFERS_STRING_CATALOGS = YES;
				MTL_ENABLE_DEBUG_INFO = NO;
				MTL_FAST_MATH = YES;
				SDKROOT = iphoneos;
				SWIFT_COMPILATION_MODE = wholemodule;
				VALIDATE_PRODUCT = YES;
			};
			name = Release;
		};
		EB38D1E42B18CDDF0090F68B /* Debug */ = {
			isa = XCBuildConfiguration;
			buildSettings = {
				ASSETCATALOG_COMPILER_APPICON_NAME = AppIcon;
				ASSETCATALOG_COMPILER_GLOBAL_ACCENT_COLOR_NAME = AccentColor;
				CODE_SIGN_STYLE = Automatic;
				CURRENT_PROJECT_VERSION = 1;
				DEVELOPMENT_ASSET_PATHS = "\"AmericaAirlines/Preview Content\"";
				ENABLE_PREVIEWS = YES;
				GENERATE_INFOPLIST_FILE = YES;
				INFOPLIST_KEY_UIApplicationSceneManifest_Generation = YES;
				INFOPLIST_KEY_UIApplicationSupportsIndirectInputEvents = YES;
				INFOPLIST_KEY_UILaunchScreen_Generation = YES;
				INFOPLIST_KEY_UISupportedInterfaceOrientations_iPad = "UIInterfaceOrientationPortrait UIInterfaceOrientationPortraitUpsideDown UIInterfaceOrientationLandscapeLeft UIInterfaceOrientationLandscapeRight";
				INFOPLIST_KEY_UISupportedInterfaceOrientations_iPhone = "UIInterfaceOrientationPortrait UIInterfaceOrientationLandscapeLeft UIInterfaceOrientationLandscapeRight";
				LD_RUNPATH_SEARCH_PATHS = (
					"$(inherited)",
					"@executable_path/Frameworks",
				);
				MARKETING_VERSION = 1.0;
				PRODUCT_BUNDLE_IDENTIFIER = stuff.AmericaAirlines;
				PRODUCT_NAME = "$(TARGET_NAME)";
				SWIFT_EMIT_LOC_STRINGS = YES;
				SWIFT_VERSION = 5.0;
				TARGETED_DEVICE_FAMILY = "1,2";
			};
			name = Debug;
		};
		EB38D1E52B18CDDF0090F68B /* Release */ = {
			isa = XCBuildConfiguration;
			buildSettings = {
				ASSETCATALOG_COMPILER_APPICON_NAME = AppIcon;
				ASSETCATALOG_COMPILER_GLOBAL_ACCENT_COLOR_NAME = AccentColor;
				CODE_SIGN_STYLE = Automatic;
				CURRENT_PROJECT_VERSION = 1;
				DEVELOPMENT_ASSET_PATHS = "\"AmericaAirlines/Preview Content\"";
				ENABLE_PREVIEWS = YES;
				GENERATE_INFOPLIST_FILE = YES;
				INFOPLIST_KEY_UIApplicationSceneManifest_Generation = YES;
				INFOPLIST_KEY_UIApplicationSupportsIndirectInputEvents = YES;
				INFOPLIST_KEY_UILaunchScreen_Generation = YES;
				INFOPLIST_KEY_UISupportedInterfaceOrientations_iPad = "UIInterfaceOrientationPortrait UIInterfaceOrientationPortraitUpsideDown UIInterfaceOrientationLandscapeLeft UIInterfaceOrientationLandscapeRight";
				INFOPLIST_KEY_UISupportedInterfaceOrientations_iPhone = "UIInterfaceOrientationPortrait UIInterfaceOrientationLandscapeLeft UIInterfaceOrientationLandscapeRight";
				LD_RUNPATH_SEARCH_PATHS = (
					"$(inherited)",
					"@executable_path/Frameworks",
				);
				MARKETING_VERSION = 1.0;
				PRODUCT_BUNDLE_IDENTIFIER = stuff.AmericaAirlines;
				PRODUCT_NAME = "$(TARGET_NAME)";
				SWIFT_EMIT_LOC_STRINGS = YES;
				SWIFT_VERSION = 5.0;
				TARGETED_DEVICE_FAMILY = "1,2";
			};
			name = Release;
		};
		EB38D1E72B18CDDF0090F68B /* Debug */ = {
			isa = XCBuildConfiguration;
			buildSettings = {
				ALWAYS_EMBED_SWIFT_STANDARD_LIBRARIES = YES;
				BUNDLE_LOADER = "$(TEST_HOST)";
				CODE_SIGN_STYLE = Automatic;
				CURRENT_PROJECT_VERSION = 1;
				GENERATE_INFOPLIST_FILE = YES;
				IPHONEOS_DEPLOYMENT_TARGET = 17.0;
				MARKETING_VERSION = 1.0;
				PRODUCT_BUNDLE_IDENTIFIER = stuff.AmericaAirlinesTests;
				PRODUCT_NAME = "$(TARGET_NAME)";
				SWIFT_EMIT_LOC_STRINGS = NO;
				SWIFT_VERSION = 5.0;
				TARGETED_DEVICE_FAMILY = "1,2";
				TEST_HOST = "$(BUILT_PRODUCTS_DIR)/AmericaAirlines.app/$(BUNDLE_EXECUTABLE_FOLDER_PATH)/AmericaAirlines";
			};
			name = Debug;
		};
		EB38D1E82B18CDDF0090F68B /* Release */ = {
			isa = XCBuildConfiguration;
			buildSettings = {
				ALWAYS_EMBED_SWIFT_STANDARD_LIBRARIES = YES;
				BUNDLE_LOADER = "$(TEST_HOST)";
				CODE_SIGN_STYLE = Automatic;
				CURRENT_PROJECT_VERSION = 1;
				GENERATE_INFOPLIST_FILE = YES;
				IPHONEOS_DEPLOYMENT_TARGET = 17.0;
				MARKETING_VERSION = 1.0;
				PRODUCT_BUNDLE_IDENTIFIER = stuff.AmericaAirlinesTests;
				PRODUCT_NAME = "$(TARGET_NAME)";
				SWIFT_EMIT_LOC_STRINGS = NO;
				SWIFT_VERSION = 5.0;
				TARGETED_DEVICE_FAMILY = "1,2";
				TEST_HOST = "$(BUILT_PRODUCTS_DIR)/AmericaAirlines.app/$(BUNDLE_EXECUTABLE_FOLDER_PATH)/AmericaAirlines";
			};
			name = Release;
		};
		EB38D1EA2B18CDDF0090F68B /* Debug */ = {
			isa = XCBuildConfiguration;
			buildSettings = {
				ALWAYS_EMBED_SWIFT_STANDARD_LIBRARIES = YES;
				CODE_SIGN_STYLE = Automatic;
				CURRENT_PROJECT_VERSION = 1;
				GENERATE_INFOPLIST_FILE = YES;
				MARKETING_VERSION = 1.0;
				PRODUCT_BUNDLE_IDENTIFIER = stuff.AmericaAirlinesUITests;
				PRODUCT_NAME = "$(TARGET_NAME)";
				SWIFT_EMIT_LOC_STRINGS = NO;
				SWIFT_VERSION = 5.0;
				TARGETED_DEVICE_FAMILY = "1,2";
				TEST_TARGET_NAME = AmericaAirlines;
			};
			name = Debug;
		};
		EB38D1EB2B18CDDF0090F68B /* Release */ = {
			isa = XCBuildConfiguration;
			buildSettings = {
				ALWAYS_EMBED_SWIFT_STANDARD_LIBRARIES = YES;
				CODE_SIGN_STYLE = Automatic;
				CURRENT_PROJECT_VERSION = 1;
				GENERATE_INFOPLIST_FILE = YES;
				MARKETING_VERSION = 1.0;
				PRODUCT_BUNDLE_IDENTIFIER = stuff.AmericaAirlinesUITests;
				PRODUCT_NAME = "$(TARGET_NAME)";
				SWIFT_EMIT_LOC_STRINGS = NO;
				SWIFT_VERSION = 5.0;
				TARGETED_DEVICE_FAMILY = "1,2";
				TEST_TARGET_NAME = AmericaAirlines;
			};
			name = Release;
		};
/* End XCBuildConfiguration section */

/* Begin XCConfigurationList section */
		EB38D1BA2B18CDDD0090F68B /* Build configuration list for PBXProject "AmericaAirlines" */ = {
			isa = XCConfigurationList;
			buildConfigurations = (
				EB38D1E12B18CDDF0090F68B /* Debug */,
				EB38D1E22B18CDDF0090F68B /* Release */,
			);
			defaultConfigurationIsVisible = 0;
			defaultConfigurationName = Release;
		};
		EB38D1E32B18CDDF0090F68B /* Build configuration list for PBXNativeTarget "AmericaAirlines" */ = {
			isa = XCConfigurationList;
			buildConfigurations = (
				EB38D1E42B18CDDF0090F68B /* Debug */,
				EB38D1E52B18CDDF0090F68B /* Release */,
			);
			defaultConfigurationIsVisible = 0;
			defaultConfigurationName = Release;
		};
		EB38D1E62B18CDDF0090F68B /* Build configuration list for PBXNativeTarget "AmericaAirlinesTests" */ = {
			isa = XCConfigurationList;
			buildConfigurations = (
				EB38D1E72B18CDDF0090F68B /* Debug */,
				EB38D1E82B18CDDF0090F68B /* Release */,
			);
			defaultConfigurationIsVisible = 0;
			defaultConfigurationName = Release;
		};
		EB38D1E92B18CDDF0090F68B /* Build configuration list for PBXNativeTarget "AmericaAirlinesUITests" */ = {
			isa = XCConfigurationList;
			buildConfigurations = (
				EB38D1EA2B18CDDF0090F68B /* Debug */,
				EB38D1EB2B18CDDF0090F68B /* Release */,
			);
			defaultConfigurationIsVisible = 0;
			defaultConfigurationName = Release;
		};
/* End XCConfigurationList section */
	};
	rootObject = EB38D1B72B18CDDD0090F68B /* Project object */;
}
